// !$*UTF8*$!
{
	archiveVersion = 1;
	classes = {
	};
	objectVersion = 46;
	objects = {

/* Begin PBXBuildFile section */
		170D411806FDE0EDFD098F7A /* Pods_Walk__WatchKit_Extension.framework in Frameworks */ = {isa = PBXBuildFile; fileRef = 1C063412FF573FB08CCF58CD /* Pods_Walk__WatchKit_Extension.framework */; };
		172C4A1D1E4CE74B0059BF2C /* InterfaceControllerHelper.swift in Sources */ = {isa = PBXBuildFile; fileRef = 172C4A1C1E4CE74B0059BF2C /* InterfaceControllerHelper.swift */; };
		172C4A1E1E4CE74B0059BF2C /* InterfaceControllerHelper.swift in Sources */ = {isa = PBXBuildFile; fileRef = 172C4A1C1E4CE74B0059BF2C /* InterfaceControllerHelper.swift */; };
		172C4A231E4D15170059BF2C /* InterfaceControllerHelperTests.swift in Sources */ = {isa = PBXBuildFile; fileRef = 172C4A221E4D15170059BF2C /* InterfaceControllerHelperTests.swift */; };
		172C4A241E4D1AB80059BF2C /* HealthKitManager.swift in Sources */ = {isa = PBXBuildFile; fileRef = 174226071E4929A400972AFE /* HealthKitManager.swift */; };
		172C4A281E4F8E040059BF2C /* HealthKitTests.swift in Sources */ = {isa = PBXBuildFile; fileRef = 172C4A271E4F8E040059BF2C /* HealthKitTests.swift */; };
		172C4A2A1E4F948C0059BF2C /* MotionManager.swift in Sources */ = {isa = PBXBuildFile; fileRef = 174226081E4929A400972AFE /* MotionManager.swift */; };
		1739986D1E539A5E00B4C565 /* DistanceModel.swift in Sources */ = {isa = PBXBuildFile; fileRef = 174226061E4929A400972AFE /* DistanceModel.swift */; };
		1739986F1E53A35400B4C565 /* StepCountModel.swift in Sources */ = {isa = PBXBuildFile; fileRef = 1742260A1E4929A400972AFE /* StepCountModel.swift */; };
		173998701E53A64300B4C565 /* DistanceBarChartController.swift in Sources */ = {isa = PBXBuildFile; fileRef = 174226051E4929A400972AFE /* DistanceBarChartController.swift */; };
		173998711E53A64900B4C565 /* StepCountBarChartController.swift in Sources */ = {isa = PBXBuildFile; fileRef = 174226091E4929A400972AFE /* StepCountBarChartController.swift */; };
		174225B51E4925DE00972AFE /* AppDelegate.swift in Sources */ = {isa = PBXBuildFile; fileRef = 174225B41E4925DE00972AFE /* AppDelegate.swift */; };
		174225B71E4925DE00972AFE /* ViewController.swift in Sources */ = {isa = PBXBuildFile; fileRef = 174225B61E4925DE00972AFE /* ViewController.swift */; };
		174225BA1E4925DE00972AFE /* Main.storyboard in Resources */ = {isa = PBXBuildFile; fileRef = 174225B81E4925DE00972AFE /* Main.storyboard */; };
		174225BC1E4925DE00972AFE /* Assets.xcassets in Resources */ = {isa = PBXBuildFile; fileRef = 174225BB1E4925DE00972AFE /* Assets.xcassets */; };
		174225BF1E4925DE00972AFE /* LaunchScreen.storyboard in Resources */ = {isa = PBXBuildFile; fileRef = 174225BD1E4925DE00972AFE /* LaunchScreen.storyboard */; };
		174225CF1E4925DE00972AFE /* Walk! WatchKit App.app in Embed Watch Content */ = {isa = PBXBuildFile; fileRef = 174225CE1E4925DE00972AFE /* Walk! WatchKit App.app */; };
		174225D71E4925DE00972AFE /* Assets.xcassets in Resources */ = {isa = PBXBuildFile; fileRef = 174225D61E4925DE00972AFE /* Assets.xcassets */; };
		174225DE1E4925DE00972AFE /* Walk! WatchKit Extension.appex in Embed App Extensions */ = {isa = PBXBuildFile; fileRef = 174225DD1E4925DE00972AFE /* Walk! WatchKit Extension.appex */; settings = {ATTRIBUTES = (RemoveHeadersOnCopy, ); }; };
		174225E31E4925DE00972AFE /* InterfaceController.swift in Sources */ = {isa = PBXBuildFile; fileRef = 174225E21E4925DE00972AFE /* InterfaceController.swift */; };
		174225E51E4925DE00972AFE /* ExtensionDelegate.swift in Sources */ = {isa = PBXBuildFile; fileRef = 174225E41E4925DE00972AFE /* ExtensionDelegate.swift */; };
		174225E71E4925DE00972AFE /* ComplicationController.swift in Sources */ = {isa = PBXBuildFile; fileRef = 174225E61E4925DE00972AFE /* ComplicationController.swift */; };
		174225E91E4925DE00972AFE /* Assets.xcassets in Resources */ = {isa = PBXBuildFile; fileRef = 174225E81E4925DE00972AFE /* Assets.xcassets */; };
		174225FD1E49268E00972AFE /* HealthKit.framework in Frameworks */ = {isa = PBXBuildFile; fileRef = 174225FC1E49268E00972AFE /* HealthKit.framework */; };
		174226001E49279500972AFE /* Interface.storyboard in Resources */ = {isa = PBXBuildFile; fileRef = 174225FF1E49279500972AFE /* Interface.storyboard */; };
		174226031E49284F00972AFE /* HealthKit.framework in Frameworks */ = {isa = PBXBuildFile; fileRef = 174226021E49284F00972AFE /* HealthKit.framework */; };
		1742260B1E4929A400972AFE /* BarChart.swift in Sources */ = {isa = PBXBuildFile; fileRef = 174226041E4929A400972AFE /* BarChart.swift */; };
		1742260C1E4929A400972AFE /* DistanceBarChartController.swift in Sources */ = {isa = PBXBuildFile; fileRef = 174226051E4929A400972AFE /* DistanceBarChartController.swift */; };
		1742260D1E4929A400972AFE /* DistanceModel.swift in Sources */ = {isa = PBXBuildFile; fileRef = 174226061E4929A400972AFE /* DistanceModel.swift */; };
		1742260E1E4929A400972AFE /* HealthKitManager.swift in Sources */ = {isa = PBXBuildFile; fileRef = 174226071E4929A400972AFE /* HealthKitManager.swift */; };
		1742260F1E4929A400972AFE /* MotionManager.swift in Sources */ = {isa = PBXBuildFile; fileRef = 174226081E4929A400972AFE /* MotionManager.swift */; };
		174226101E4929A400972AFE /* StepCountBarChartController.swift in Sources */ = {isa = PBXBuildFile; fileRef = 174226091E4929A400972AFE /* StepCountBarChartController.swift */; };
		174226111E4929A400972AFE /* StepCountModel.swift in Sources */ = {isa = PBXBuildFile; fileRef = 1742260A1E4929A400972AFE /* StepCountModel.swift */; };
		174226191E4929D800972AFE /* BarChartTests.swift in Sources */ = {isa = PBXBuildFile; fileRef = 174226181E4929D800972AFE /* BarChartTests.swift */; };
		174226201E492A3500972AFE /* BarChart.swift in Sources */ = {isa = PBXBuildFile; fileRef = 174226041E4929A400972AFE /* BarChart.swift */; };
		75DBCBCB0EA437DE47B9D0A2 /* Pods_Walk_.framework in Frameworks */ = {isa = PBXBuildFile; fileRef = 41C5CC30DE62F4BD9BEB124F /* Pods_Walk_.framework */; };
		A31E4F4CFDA9A2D18AE8BF5D /* Pods_Walk__WatchKit_App.framework in Frameworks */ = {isa = PBXBuildFile; fileRef = 5A89233FD9816619567DBDF1 /* Pods_Walk__WatchKit_App.framework */; };
/* End PBXBuildFile section */

/* Begin PBXContainerItemProxy section */
		174225D01E4925DE00972AFE /* PBXContainerItemProxy */ = {
			isa = PBXContainerItemProxy;
			containerPortal = 174225A91E4925DD00972AFE /* Project object */;
			proxyType = 1;
			remoteGlobalIDString = 174225CD1E4925DE00972AFE;
			remoteInfo = "Walk! WatchKit App";
		};
		174225DF1E4925DE00972AFE /* PBXContainerItemProxy */ = {
			isa = PBXContainerItemProxy;
			containerPortal = 174225A91E4925DD00972AFE /* Project object */;
			proxyType = 1;
			remoteGlobalIDString = 174225DC1E4925DE00972AFE;
			remoteInfo = "Walk! WatchKit Extension";
		};
/* End PBXContainerItemProxy section */

/* Begin PBXCopyFilesBuildPhase section */
		174225F01E4925DE00972AFE /* Embed App Extensions */ = {
			isa = PBXCopyFilesBuildPhase;
			buildActionMask = 2147483647;
			dstPath = "";
			dstSubfolderSpec = 13;
			files = (
				174225DE1E4925DE00972AFE /* Walk! WatchKit Extension.appex in Embed App Extensions */,
			);
			name = "Embed App Extensions";
			runOnlyForDeploymentPostprocessing = 0;
		};
		174225F41E4925DE00972AFE /* Embed Watch Content */ = {
			isa = PBXCopyFilesBuildPhase;
			buildActionMask = 2147483647;
			dstPath = "$(CONTENTS_FOLDER_PATH)/Watch";
			dstSubfolderSpec = 16;
			files = (
				174225CF1E4925DE00972AFE /* Walk! WatchKit App.app in Embed Watch Content */,
			);
			name = "Embed Watch Content";
			runOnlyForDeploymentPostprocessing = 0;
		};
/* End PBXCopyFilesBuildPhase section */

/* Begin PBXFileReference section */
		172C4A1C1E4CE74B0059BF2C /* InterfaceControllerHelper.swift */ = {isa = PBXFileReference; fileEncoding = 4; lastKnownFileType = sourcecode.swift; path = InterfaceControllerHelper.swift; sourceTree = "<group>"; };
		172C4A221E4D15170059BF2C /* InterfaceControllerHelperTests.swift */ = {isa = PBXFileReference; fileEncoding = 4; lastKnownFileType = sourcecode.swift; path = InterfaceControllerHelperTests.swift; sourceTree = "<group>"; };
		172C4A271E4F8E040059BF2C /* HealthKitTests.swift */ = {isa = PBXFileReference; fileEncoding = 4; lastKnownFileType = sourcecode.swift; path = HealthKitTests.swift; sourceTree = "<group>"; };
		174225B11E4925DE00972AFE /* Walk!.app */ = {isa = PBXFileReference; explicitFileType = wrapper.application; includeInIndex = 0; path = "Walk!.app"; sourceTree = BUILT_PRODUCTS_DIR; };
		174225B41E4925DE00972AFE /* AppDelegate.swift */ = {isa = PBXFileReference; lastKnownFileType = sourcecode.swift; path = AppDelegate.swift; sourceTree = "<group>"; };
		174225B61E4925DE00972AFE /* ViewController.swift */ = {isa = PBXFileReference; lastKnownFileType = sourcecode.swift; path = ViewController.swift; sourceTree = "<group>"; };
		174225B91E4925DE00972AFE /* Base */ = {isa = PBXFileReference; lastKnownFileType = file.storyboard; name = Base; path = Base.lproj/Main.storyboard; sourceTree = "<group>"; };
		174225BB1E4925DE00972AFE /* Assets.xcassets */ = {isa = PBXFileReference; lastKnownFileType = folder.assetcatalog; path = Assets.xcassets; sourceTree = "<group>"; };
		174225BE1E4925DE00972AFE /* Base */ = {isa = PBXFileReference; lastKnownFileType = file.storyboard; name = Base; path = Base.lproj/LaunchScreen.storyboard; sourceTree = "<group>"; };
		174225C01E4925DE00972AFE /* Info.plist */ = {isa = PBXFileReference; lastKnownFileType = text.plist.xml; path = Info.plist; sourceTree = "<group>"; };
		174225CE1E4925DE00972AFE /* Walk! WatchKit App.app */ = {isa = PBXFileReference; explicitFileType = wrapper.application; includeInIndex = 0; path = "Walk! WatchKit App.app"; sourceTree = BUILT_PRODUCTS_DIR; };
		174225D61E4925DE00972AFE /* Assets.xcassets */ = {isa = PBXFileReference; lastKnownFileType = folder.assetcatalog; path = Assets.xcassets; sourceTree = "<group>"; };
		174225D81E4925DE00972AFE /* Info.plist */ = {isa = PBXFileReference; lastKnownFileType = text.plist.xml; path = Info.plist; sourceTree = "<group>"; };
		174225DD1E4925DE00972AFE /* Walk! WatchKit Extension.appex */ = {isa = PBXFileReference; explicitFileType = "wrapper.app-extension"; includeInIndex = 0; path = "Walk! WatchKit Extension.appex"; sourceTree = BUILT_PRODUCTS_DIR; };
		174225E21E4925DE00972AFE /* InterfaceController.swift */ = {isa = PBXFileReference; lastKnownFileType = sourcecode.swift; path = InterfaceController.swift; sourceTree = "<group>"; };
		174225E41E4925DE00972AFE /* ExtensionDelegate.swift */ = {isa = PBXFileReference; lastKnownFileType = sourcecode.swift; path = ExtensionDelegate.swift; sourceTree = "<group>"; };
		174225E61E4925DE00972AFE /* ComplicationController.swift */ = {isa = PBXFileReference; lastKnownFileType = sourcecode.swift; path = ComplicationController.swift; sourceTree = "<group>"; };
		174225E81E4925DE00972AFE /* Assets.xcassets */ = {isa = PBXFileReference; lastKnownFileType = folder.assetcatalog; path = Assets.xcassets; sourceTree = "<group>"; };
		174225EA1E4925DE00972AFE /* Info.plist */ = {isa = PBXFileReference; lastKnownFileType = text.plist.xml; path = Info.plist; sourceTree = "<group>"; };
		174225FC1E49268E00972AFE /* HealthKit.framework */ = {isa = PBXFileReference; lastKnownFileType = wrapper.framework; name = HealthKit.framework; path = System/Library/Frameworks/HealthKit.framework; sourceTree = SDKROOT; };
		174225FE1E49268E00972AFE /* Walk!.entitlements */ = {isa = PBXFileReference; lastKnownFileType = text.plist.entitlements; path = "Walk!.entitlements"; sourceTree = "<group>"; };
		174225FF1E49279500972AFE /* Interface.storyboard */ = {isa = PBXFileReference; fileEncoding = 4; lastKnownFileType = file.storyboard; path = Interface.storyboard; sourceTree = "<group>"; };
		174226011E49284F00972AFE /* Walk! WatchKit Extension.entitlements */ = {isa = PBXFileReference; lastKnownFileType = text.plist.entitlements; path = "Walk! WatchKit Extension.entitlements"; sourceTree = "<group>"; };
		174226021E49284F00972AFE /* HealthKit.framework */ = {isa = PBXFileReference; lastKnownFileType = wrapper.framework; name = HealthKit.framework; path = Platforms/WatchOS.platform/Developer/SDKs/WatchOS3.1.sdk/System/Library/Frameworks/HealthKit.framework; sourceTree = DEVELOPER_DIR; };
		174226041E4929A400972AFE /* BarChart.swift */ = {isa = PBXFileReference; fileEncoding = 4; lastKnownFileType = sourcecode.swift; path = BarChart.swift; sourceTree = "<group>"; };
		174226051E4929A400972AFE /* DistanceBarChartController.swift */ = {isa = PBXFileReference; fileEncoding = 4; lastKnownFileType = sourcecode.swift; path = DistanceBarChartController.swift; sourceTree = "<group>"; };
		174226061E4929A400972AFE /* DistanceModel.swift */ = {isa = PBXFileReference; fileEncoding = 4; lastKnownFileType = sourcecode.swift; path = DistanceModel.swift; sourceTree = "<group>"; };
		174226071E4929A400972AFE /* HealthKitManager.swift */ = {isa = PBXFileReference; fileEncoding = 4; lastKnownFileType = sourcecode.swift; path = HealthKitManager.swift; sourceTree = "<group>"; };
		174226081E4929A400972AFE /* MotionManager.swift */ = {isa = PBXFileReference; fileEncoding = 4; lastKnownFileType = sourcecode.swift; path = MotionManager.swift; sourceTree = "<group>"; };
		174226091E4929A400972AFE /* StepCountBarChartController.swift */ = {isa = PBXFileReference; fileEncoding = 4; lastKnownFileType = sourcecode.swift; path = StepCountBarChartController.swift; sourceTree = "<group>"; };
		1742260A1E4929A400972AFE /* StepCountModel.swift */ = {isa = PBXFileReference; fileEncoding = 4; lastKnownFileType = sourcecode.swift; path = StepCountModel.swift; sourceTree = "<group>"; };
		174226161E4929D800972AFE /* Walk WatchKit Extension Tests.xctest */ = {isa = PBXFileReference; explicitFileType = wrapper.cfbundle; includeInIndex = 0; path = "Walk WatchKit Extension Tests.xctest"; sourceTree = BUILT_PRODUCTS_DIR; };
		174226181E4929D800972AFE /* BarChartTests.swift */ = {isa = PBXFileReference; lastKnownFileType = sourcecode.swift; path = BarChartTests.swift; sourceTree = "<group>"; };
		1742261A1E4929D800972AFE /* Info.plist */ = {isa = PBXFileReference; lastKnownFileType = text.plist.xml; path = Info.plist; sourceTree = "<group>"; };
		17912F051E521D1600F7C2BE /* libsystemstats.tbd */ = {isa = PBXFileReference; lastKnownFileType = "sourcecode.text-based-dylib-definition"; name = libsystemstats.tbd; path = Platforms/WatchOS.platform/Developer/SDKs/WatchOS3.1.sdk/usr/lib/libsystemstats.tbd; sourceTree = DEVELOPER_DIR; };
		17912F071E521D1F00F7C2BE /* libcoretls_cfhelpers.tbd */ = {isa = PBXFileReference; lastKnownFileType = "sourcecode.text-based-dylib-definition"; name = libcoretls_cfhelpers.tbd; path = Platforms/WatchOS.platform/Developer/SDKs/WatchOS3.1.sdk/usr/lib/libcoretls_cfhelpers.tbd; sourceTree = DEVELOPER_DIR; };
		1C063412FF573FB08CCF58CD /* Pods_Walk__WatchKit_Extension.framework */ = {isa = PBXFileReference; explicitFileType = wrapper.framework; includeInIndex = 0; path = Pods_Walk__WatchKit_Extension.framework; sourceTree = BUILT_PRODUCTS_DIR; };
		1CED78AA707309F0CB1AF095 /* Pods-Walk!.release.xcconfig */ = {isa = PBXFileReference; includeInIndex = 1; lastKnownFileType = text.xcconfig; name = "Pods-Walk!.release.xcconfig"; path = "Pods/Target Support Files/Pods-Walk!/Pods-Walk!.release.xcconfig"; sourceTree = "<group>"; };
		41C5CC30DE62F4BD9BEB124F /* Pods_Walk_.framework */ = {isa = PBXFileReference; explicitFileType = wrapper.framework; includeInIndex = 0; path = Pods_Walk_.framework; sourceTree = BUILT_PRODUCTS_DIR; };
		45AB81BCB596D440F5F67294 /* Pods-Walk! WatchKit Extension.release.xcconfig */ = {isa = PBXFileReference; includeInIndex = 1; lastKnownFileType = text.xcconfig; name = "Pods-Walk! WatchKit Extension.release.xcconfig"; path = "Pods/Target Support Files/Pods-Walk! WatchKit Extension/Pods-Walk! WatchKit Extension.release.xcconfig"; sourceTree = "<group>"; };
		5A89233FD9816619567DBDF1 /* Pods_Walk__WatchKit_App.framework */ = {isa = PBXFileReference; explicitFileType = wrapper.framework; includeInIndex = 0; path = Pods_Walk__WatchKit_App.framework; sourceTree = BUILT_PRODUCTS_DIR; };
		730BA5FDD28E8960D335D64F /* Pods-Walk! WatchKit Extension.debug.xcconfig */ = {isa = PBXFileReference; includeInIndex = 1; lastKnownFileType = text.xcconfig; name = "Pods-Walk! WatchKit Extension.debug.xcconfig"; path = "Pods/Target Support Files/Pods-Walk! WatchKit Extension/Pods-Walk! WatchKit Extension.debug.xcconfig"; sourceTree = "<group>"; };
		AA6EE5B24AADE21410819220 /* Pods-Walk!.debug.xcconfig */ = {isa = PBXFileReference; includeInIndex = 1; lastKnownFileType = text.xcconfig; name = "Pods-Walk!.debug.xcconfig"; path = "Pods/Target Support Files/Pods-Walk!/Pods-Walk!.debug.xcconfig"; sourceTree = "<group>"; };
		B6F4EC08D8D89E1FB8342BFF /* Pods-Walk! WatchKit App.debug.xcconfig */ = {isa = PBXFileReference; includeInIndex = 1; lastKnownFileType = text.xcconfig; name = "Pods-Walk! WatchKit App.debug.xcconfig"; path = "Pods/Target Support Files/Pods-Walk! WatchKit App/Pods-Walk! WatchKit App.debug.xcconfig"; sourceTree = "<group>"; };
		FDBC38452F44E26913E7031A /* Pods-Walk! WatchKit App.release.xcconfig */ = {isa = PBXFileReference; includeInIndex = 1; lastKnownFileType = text.xcconfig; name = "Pods-Walk! WatchKit App.release.xcconfig"; path = "Pods/Target Support Files/Pods-Walk! WatchKit App/Pods-Walk! WatchKit App.release.xcconfig"; sourceTree = "<group>"; };
/* End PBXFileReference section */

/* Begin PBXFrameworksBuildPhase section */
		174225AE1E4925DE00972AFE /* Frameworks */ = {
			isa = PBXFrameworksBuildPhase;
			buildActionMask = 2147483647;
			files = (
				174225FD1E49268E00972AFE /* HealthKit.framework in Frameworks */,
				75DBCBCB0EA437DE47B9D0A2 /* Pods_Walk_.framework in Frameworks */,
			);
			runOnlyForDeploymentPostprocessing = 0;
		};
		174225DA1E4925DE00972AFE /* Frameworks */ = {
			isa = PBXFrameworksBuildPhase;
			buildActionMask = 2147483647;
			files = (
				174226031E49284F00972AFE /* HealthKit.framework in Frameworks */,
				170D411806FDE0EDFD098F7A /* Pods_Walk__WatchKit_Extension.framework in Frameworks */,
			);
			runOnlyForDeploymentPostprocessing = 0;
		};
		174226131E4929D800972AFE /* Frameworks */ = {
			isa = PBXFrameworksBuildPhase;
			buildActionMask = 2147483647;
			files = (
			);
			runOnlyForDeploymentPostprocessing = 0;
		};
		CA1756250529A6526E406102 /* Frameworks */ = {
			isa = PBXFrameworksBuildPhase;
			buildActionMask = 2147483647;
			files = (
				A31E4F4CFDA9A2D18AE8BF5D /* Pods_Walk__WatchKit_App.framework in Frameworks */,
			);
			runOnlyForDeploymentPostprocessing = 0;
		};
/* End PBXFrameworksBuildPhase section */

/* Begin PBXGroup section */
		174225A81E4925DD00972AFE = {
			isa = PBXGroup;
			children = (
				174225B31E4925DE00972AFE /* Walk! */,
				174225D21E4925DE00972AFE /* Walk! WatchKit App */,
				174225E11E4925DE00972AFE /* Walk! WatchKit Extension */,
				174226171E4929D800972AFE /* Walk WatchKit Extension Tests */,
				174225B21E4925DE00972AFE /* Products */,
				174225FB1E49268E00972AFE /* Frameworks */,
				56B95B704AF20F21F6FBBEA0 /* Pods */,
			);
			sourceTree = "<group>";
		};
		174225B21E4925DE00972AFE /* Products */ = {
			isa = PBXGroup;
			children = (
				174225B11E4925DE00972AFE /* Walk!.app */,
				174225CE1E4925DE00972AFE /* Walk! WatchKit App.app */,
				174225DD1E4925DE00972AFE /* Walk! WatchKit Extension.appex */,
				174226161E4929D800972AFE /* Walk WatchKit Extension Tests.xctest */,
			);
			name = Products;
			sourceTree = "<group>";
		};
		174225B31E4925DE00972AFE /* Walk! */ = {
			isa = PBXGroup;
			children = (
				174225FE1E49268E00972AFE /* Walk!.entitlements */,
				174225B41E4925DE00972AFE /* AppDelegate.swift */,
				174225B61E4925DE00972AFE /* ViewController.swift */,
				174225B81E4925DE00972AFE /* Main.storyboard */,
				174225BB1E4925DE00972AFE /* Assets.xcassets */,
				174225BD1E4925DE00972AFE /* LaunchScreen.storyboard */,
				174225C01E4925DE00972AFE /* Info.plist */,
			);
			path = "Walk!";
			sourceTree = "<group>";
		};
		174225D21E4925DE00972AFE /* Walk! WatchKit App */ = {
			isa = PBXGroup;
			children = (
				174225FF1E49279500972AFE /* Interface.storyboard */,
				174225D61E4925DE00972AFE /* Assets.xcassets */,
				174225D81E4925DE00972AFE /* Info.plist */,
			);
			path = "Walk! WatchKit App";
			sourceTree = "<group>";
		};
		174225E11E4925DE00972AFE /* Walk! WatchKit Extension */ = {
			isa = PBXGroup;
			children = (
				174226011E49284F00972AFE /* Walk! WatchKit Extension.entitlements */,
				174225E21E4925DE00972AFE /* InterfaceController.swift */,
				172C4A1C1E4CE74B0059BF2C /* InterfaceControllerHelper.swift */,
				174225E41E4925DE00972AFE /* ExtensionDelegate.swift */,
				174225E61E4925DE00972AFE /* ComplicationController.swift */,
				174226041E4929A400972AFE /* BarChart.swift */,
				174226051E4929A400972AFE /* DistanceBarChartController.swift */,
				174226061E4929A400972AFE /* DistanceModel.swift */,
				174226071E4929A400972AFE /* HealthKitManager.swift */,
				174226081E4929A400972AFE /* MotionManager.swift */,
				174226091E4929A400972AFE /* StepCountBarChartController.swift */,
				1742260A1E4929A400972AFE /* StepCountModel.swift */,
				174225E81E4925DE00972AFE /* Assets.xcassets */,
				174225EA1E4925DE00972AFE /* Info.plist */,
			);
			path = "Walk! WatchKit Extension";
			sourceTree = "<group>";
		};
		174225FB1E49268E00972AFE /* Frameworks */ = {
			isa = PBXGroup;
			children = (
				17912F071E521D1F00F7C2BE /* libcoretls_cfhelpers.tbd */,
				17912F051E521D1600F7C2BE /* libsystemstats.tbd */,
				174226021E49284F00972AFE /* HealthKit.framework */,
				174225FC1E49268E00972AFE /* HealthKit.framework */,
				41C5CC30DE62F4BD9BEB124F /* Pods_Walk_.framework */,
				5A89233FD9816619567DBDF1 /* Pods_Walk__WatchKit_App.framework */,
				1C063412FF573FB08CCF58CD /* Pods_Walk__WatchKit_Extension.framework */,
			);
			name = Frameworks;
			sourceTree = "<group>";
		};
		174226171E4929D800972AFE /* Walk WatchKit Extension Tests */ = {
			isa = PBXGroup;
			children = (
				174226181E4929D800972AFE /* BarChartTests.swift */,
				172C4A221E4D15170059BF2C /* InterfaceControllerHelperTests.swift */,
				1742261A1E4929D800972AFE /* Info.plist */,
				172C4A271E4F8E040059BF2C /* HealthKitTests.swift */,
			);
			path = "Walk WatchKit Extension Tests";
			sourceTree = "<group>";
		};
		56B95B704AF20F21F6FBBEA0 /* Pods */ = {
			isa = PBXGroup;
			children = (
				AA6EE5B24AADE21410819220 /* Pods-Walk!.debug.xcconfig */,
				1CED78AA707309F0CB1AF095 /* Pods-Walk!.release.xcconfig */,
				B6F4EC08D8D89E1FB8342BFF /* Pods-Walk! WatchKit App.debug.xcconfig */,
				FDBC38452F44E26913E7031A /* Pods-Walk! WatchKit App.release.xcconfig */,
				730BA5FDD28E8960D335D64F /* Pods-Walk! WatchKit Extension.debug.xcconfig */,
				45AB81BCB596D440F5F67294 /* Pods-Walk! WatchKit Extension.release.xcconfig */,
			);
			name = Pods;
			sourceTree = "<group>";
		};
/* End PBXGroup section */

/* Begin PBXNativeTarget section */
		174225B01E4925DE00972AFE /* Walk! */ = {
			isa = PBXNativeTarget;
			buildConfigurationList = 174225F51E4925DE00972AFE /* Build configuration list for PBXNativeTarget "Walk!" */;
			buildPhases = (
				27A6A0689F01004422953539 /* [CP] Check Pods Manifest.lock */,
				174225AD1E4925DE00972AFE /* Sources */,
				174225AE1E4925DE00972AFE /* Frameworks */,
				174225AF1E4925DE00972AFE /* Resources */,
				174225F41E4925DE00972AFE /* Embed Watch Content */,
				AA6312D6EA93F1DC7D32844B /* [CP] Embed Pods Frameworks */,
				2A8E654C610F55B7E05BD672 /* [CP] Copy Pods Resources */,
			);
			buildRules = (
			);
			dependencies = (
				174225D11E4925DE00972AFE /* PBXTargetDependency */,
			);
			name = "Walk!";
			productName = "Walk!";
			productReference = 174225B11E4925DE00972AFE /* Walk!.app */;
			productType = "com.apple.product-type.application";
		};
		174225CD1E4925DE00972AFE /* Walk! WatchKit App */ = {
			isa = PBXNativeTarget;
			buildConfigurationList = 174225F11E4925DE00972AFE /* Build configuration list for PBXNativeTarget "Walk! WatchKit App" */;
			buildPhases = (
				045DADF16CFD2AF4D6DA47DC /* [CP] Check Pods Manifest.lock */,
				174225CC1E4925DE00972AFE /* Resources */,
				174225F01E4925DE00972AFE /* Embed App Extensions */,
				CA1756250529A6526E406102 /* Frameworks */,
				9F5D7FD23E8E13FE4B23F9C6 /* [CP] Copy Pods Resources */,
			);
			buildRules = (
			);
			dependencies = (
				174225E01E4925DE00972AFE /* PBXTargetDependency */,
			);
			name = "Walk! WatchKit App";
			productName = "Walk! WatchKit App";
			productReference = 174225CE1E4925DE00972AFE /* Walk! WatchKit App.app */;
			productType = "com.apple.product-type.application.watchapp2";
		};
		174225DC1E4925DE00972AFE /* Walk! WatchKit Extension */ = {
			isa = PBXNativeTarget;
			buildConfigurationList = 174225ED1E4925DE00972AFE /* Build configuration list for PBXNativeTarget "Walk! WatchKit Extension" */;
			buildPhases = (
				30C0808DA06A3D1F96B1AC98 /* [CP] Check Pods Manifest.lock */,
				174225D91E4925DE00972AFE /* Sources */,
				174225DA1E4925DE00972AFE /* Frameworks */,
				174225DB1E4925DE00972AFE /* Resources */,
				32EEE42750B3EAB912CB8D29 /* [CP] Embed Pods Frameworks */,
				FEE3B98A20610D373F6197F7 /* [CP] Copy Pods Resources */,
			);
			buildRules = (
			);
			dependencies = (
			);
			name = "Walk! WatchKit Extension";
			productName = "Walk! WatchKit Extension";
			productReference = 174225DD1E4925DE00972AFE /* Walk! WatchKit Extension.appex */;
			productType = "com.apple.product-type.watchkit2-extension";
		};
		174226151E4929D800972AFE /* Walk WatchKit Extension Tests */ = {
			isa = PBXNativeTarget;
			buildConfigurationList = 1742261B1E4929D800972AFE /* Build configuration list for PBXNativeTarget "Walk WatchKit Extension Tests" */;
			buildPhases = (
				174226121E4929D800972AFE /* Sources */,
				174226131E4929D800972AFE /* Frameworks */,
				174226141E4929D800972AFE /* Resources */,
			);
			buildRules = (
			);
			dependencies = (
			);
			name = "Walk WatchKit Extension Tests";
			productName = "Walk WatchKit Extension Tests";
			productReference = 174226161E4929D800972AFE /* Walk WatchKit Extension Tests.xctest */;
			productType = "com.apple.product-type.bundle.unit-test";
		};
/* End PBXNativeTarget section */

/* Begin PBXProject section */
		174225A91E4925DD00972AFE /* Project object */ = {
			isa = PBXProject;
			attributes = {
				LastSwiftUpdateCheck = 0820;
				LastUpgradeCheck = 0820;
				ORGANIZATIONNAME = jrp;
				TargetAttributes = {
					174225B01E4925DE00972AFE = {
						CreatedOnToolsVersion = 8.2.1;
						DevelopmentTeam = ZK555P6U69;
						ProvisioningStyle = Automatic;
						SystemCapabilities = {
							com.apple.ApplicationGroups.iOS = {
								enabled = 0;
							};
							com.apple.HealthKit = {
								enabled = 1;
							};
						};
					};
					174225CD1E4925DE00972AFE = {
						CreatedOnToolsVersion = 8.2.1;
						DevelopmentTeam = ZK555P6U69;
						ProvisioningStyle = Automatic;
						SystemCapabilities = {
							com.apple.ApplicationGroups.iOS = {
								enabled = 0;
							};
						};
					};
					174225DC1E4925DE00972AFE = {
						CreatedOnToolsVersion = 8.2.1;
						DevelopmentTeam = ZK555P6U69;
						LastSwiftMigration = 0820;
						ProvisioningStyle = Automatic;
						SystemCapabilities = {
							com.apple.ApplicationGroups.iOS = {
								enabled = 0;
							};
							com.apple.HealthKit.watchos = {
								enabled = 1;
							};
						};
					};
					174226151E4929D800972AFE = {
						CreatedOnToolsVersion = 8.2.1;
						DevelopmentTeam = ZK555P6U69;
						ProvisioningStyle = Automatic;
					};
				};
			};
			buildConfigurationList = 174225AC1E4925DD00972AFE /* Build configuration list for PBXProject "Walk!" */;
			compatibilityVersion = "Xcode 3.2";
			developmentRegion = English;
			hasScannedForEncodings = 0;
			knownRegions = (
				en,
				Base,
			);
			mainGroup = 174225A81E4925DD00972AFE;
			productRefGroup = 174225B21E4925DE00972AFE /* Products */;
			projectDirPath = "";
			projectRoot = "";
			targets = (
				174225B01E4925DE00972AFE /* Walk! */,
				174225CD1E4925DE00972AFE /* Walk! WatchKit App */,
				174225DC1E4925DE00972AFE /* Walk! WatchKit Extension */,
				174226151E4929D800972AFE /* Walk WatchKit Extension Tests */,
			);
		};
/* End PBXProject section */

/* Begin PBXResourcesBuildPhase section */
		174225AF1E4925DE00972AFE /* Resources */ = {
			isa = PBXResourcesBuildPhase;
			buildActionMask = 2147483647;
			files = (
				174225BF1E4925DE00972AFE /* LaunchScreen.storyboard in Resources */,
				174225BC1E4925DE00972AFE /* Assets.xcassets in Resources */,
				174225BA1E4925DE00972AFE /* Main.storyboard in Resources */,
			);
			runOnlyForDeploymentPostprocessing = 0;
		};
		174225CC1E4925DE00972AFE /* Resources */ = {
			isa = PBXResourcesBuildPhase;
			buildActionMask = 2147483647;
			files = (
				174226001E49279500972AFE /* Interface.storyboard in Resources */,
				174225D71E4925DE00972AFE /* Assets.xcassets in Resources */,
			);
			runOnlyForDeploymentPostprocessing = 0;
		};
		174225DB1E4925DE00972AFE /* Resources */ = {
			isa = PBXResourcesBuildPhase;
			buildActionMask = 2147483647;
			files = (
				174225E91E4925DE00972AFE /* Assets.xcassets in Resources */,
			);
			runOnlyForDeploymentPostprocessing = 0;
		};
		174226141E4929D800972AFE /* Resources */ = {
			isa = PBXResourcesBuildPhase;
			buildActionMask = 2147483647;
			files = (
			);
			runOnlyForDeploymentPostprocessing = 0;
		};
/* End PBXResourcesBuildPhase section */

/* Begin PBXShellScriptBuildPhase section */
		045DADF16CFD2AF4D6DA47DC /* [CP] Check Pods Manifest.lock */ = {
			isa = PBXShellScriptBuildPhase;
			buildActionMask = 2147483647;
			files = (
			);
			inputPaths = (
			);
			name = "[CP] Check Pods Manifest.lock";
			outputPaths = (
			);
			runOnlyForDeploymentPostprocessing = 0;
			shellPath = /bin/sh;
			shellScript = "diff \"${PODS_ROOT}/../Podfile.lock\" \"${PODS_ROOT}/Manifest.lock\" > /dev/null\nif [ $? != 0 ] ; then\n    # print error to STDERR\n    echo \"error: The sandbox is not in sync with the Podfile.lock. Run 'pod install' or update your CocoaPods installation.\" >&2\n    exit 1\nfi\n";
			showEnvVarsInLog = 0;
		};
		27A6A0689F01004422953539 /* [CP] Check Pods Manifest.lock */ = {
			isa = PBXShellScriptBuildPhase;
			buildActionMask = 2147483647;
			files = (
			);
			inputPaths = (
			);
			name = "[CP] Check Pods Manifest.lock";
			outputPaths = (
			);
			runOnlyForDeploymentPostprocessing = 0;
			shellPath = /bin/sh;
			shellScript = "diff \"${PODS_ROOT}/../Podfile.lock\" \"${PODS_ROOT}/Manifest.lock\" > /dev/null\nif [ $? != 0 ] ; then\n    # print error to STDERR\n    echo \"error: The sandbox is not in sync with the Podfile.lock. Run 'pod install' or update your CocoaPods installation.\" >&2\n    exit 1\nfi\n";
			showEnvVarsInLog = 0;
		};
		2A8E654C610F55B7E05BD672 /* [CP] Copy Pods Resources */ = {
			isa = PBXShellScriptBuildPhase;
			buildActionMask = 2147483647;
			files = (
			);
			inputPaths = (
			);
			name = "[CP] Copy Pods Resources";
			outputPaths = (
			);
			runOnlyForDeploymentPostprocessing = 0;
			shellPath = /bin/sh;
			shellScript = "\"${SRCROOT}/Pods/Target Support Files/Pods-Walk!/Pods-Walk!-resources.sh\"\n";
			showEnvVarsInLog = 0;
		};
		30C0808DA06A3D1F96B1AC98 /* [CP] Check Pods Manifest.lock */ = {
			isa = PBXShellScriptBuildPhase;
			buildActionMask = 2147483647;
			files = (
			);
			inputPaths = (
			);
			name = "[CP] Check Pods Manifest.lock";
			outputPaths = (
			);
			runOnlyForDeploymentPostprocessing = 0;
			shellPath = /bin/sh;
			shellScript = "diff \"${PODS_ROOT}/../Podfile.lock\" \"${PODS_ROOT}/Manifest.lock\" > /dev/null\nif [ $? != 0 ] ; then\n    # print error to STDERR\n    echo \"error: The sandbox is not in sync with the Podfile.lock. Run 'pod install' or update your CocoaPods installation.\" >&2\n    exit 1\nfi\n";
			showEnvVarsInLog = 0;
		};
		32EEE42750B3EAB912CB8D29 /* [CP] Embed Pods Frameworks */ = {
			isa = PBXShellScriptBuildPhase;
			buildActionMask = 2147483647;
			files = (
			);
			inputPaths = (
			);
			name = "[CP] Embed Pods Frameworks";
			outputPaths = (
			);
			runOnlyForDeploymentPostprocessing = 0;
			shellPath = /bin/sh;
			shellScript = "\"${SRCROOT}/Pods/Target Support Files/Pods-Walk! WatchKit Extension/Pods-Walk! WatchKit Extension-frameworks.sh\"\n";
			showEnvVarsInLog = 0;
		};
		9F5D7FD23E8E13FE4B23F9C6 /* [CP] Copy Pods Resources */ = {
			isa = PBXShellScriptBuildPhase;
			buildActionMask = 2147483647;
			files = (
			);
			inputPaths = (
			);
			name = "[CP] Copy Pods Resources";
			outputPaths = (
			);
			runOnlyForDeploymentPostprocessing = 0;
			shellPath = /bin/sh;
			shellScript = "\"${SRCROOT}/Pods/Target Support Files/Pods-Walk! WatchKit App/Pods-Walk! WatchKit App-resources.sh\"\n";
			showEnvVarsInLog = 0;
		};
		AA6312D6EA93F1DC7D32844B /* [CP] Embed Pods Frameworks */ = {
			isa = PBXShellScriptBuildPhase;
			buildActionMask = 2147483647;
			files = (
			);
			inputPaths = (
			);
			name = "[CP] Embed Pods Frameworks";
			outputPaths = (
			);
			runOnlyForDeploymentPostprocessing = 0;
			shellPath = /bin/sh;
			shellScript = "\"${SRCROOT}/Pods/Target Support Files/Pods-Walk!/Pods-Walk!-frameworks.sh\"\n";
			showEnvVarsInLog = 0;
		};
		FEE3B98A20610D373F6197F7 /* [CP] Copy Pods Resources */ = {
			isa = PBXShellScriptBuildPhase;
			buildActionMask = 2147483647;
			files = (
			);
			inputPaths = (
			);
			name = "[CP] Copy Pods Resources";
			outputPaths = (
			);
			runOnlyForDeploymentPostprocessing = 0;
			shellPath = /bin/sh;
			shellScript = "\"${SRCROOT}/Pods/Target Support Files/Pods-Walk! WatchKit Extension/Pods-Walk! WatchKit Extension-resources.sh\"\n";
			showEnvVarsInLog = 0;
		};
/* End PBXShellScriptBuildPhase section */

/* Begin PBXSourcesBuildPhase section */
		174225AD1E4925DE00972AFE /* Sources */ = {
			isa = PBXSourcesBuildPhase;
			buildActionMask = 2147483647;
			files = (
				174225B71E4925DE00972AFE /* ViewController.swift in Sources */,
				174225B51E4925DE00972AFE /* AppDelegate.swift in Sources */,
			);
			runOnlyForDeploymentPostprocessing = 0;
		};
		174225D91E4925DE00972AFE /* Sources */ = {
			isa = PBXSourcesBuildPhase;
			buildActionMask = 2147483647;
			files = (
				1742260B1E4929A400972AFE /* BarChart.swift in Sources */,
				174226111E4929A400972AFE /* StepCountModel.swift in Sources */,
				174225E51E4925DE00972AFE /* ExtensionDelegate.swift in Sources */,
				1742260D1E4929A400972AFE /* DistanceModel.swift in Sources */,
				1742260C1E4929A400972AFE /* DistanceBarChartController.swift in Sources */,
				174225E31E4925DE00972AFE /* InterfaceController.swift in Sources */,
				1742260E1E4929A400972AFE /* HealthKitManager.swift in Sources */,
				172C4A1D1E4CE74B0059BF2C /* InterfaceControllerHelper.swift in Sources */,
				174225E71E4925DE00972AFE /* ComplicationController.swift in Sources */,
				174226101E4929A400972AFE /* StepCountBarChartController.swift in Sources */,
				1742260F1E4929A400972AFE /* MotionManager.swift in Sources */,
			);
			runOnlyForDeploymentPostprocessing = 0;
		};
		174226121E4929D800972AFE /* Sources */ = {
			isa = PBXSourcesBuildPhase;
			buildActionMask = 2147483647;
			files = (
				172C4A281E4F8E040059BF2C /* HealthKitTests.swift in Sources */,
				1739986F1E53A35400B4C565 /* StepCountModel.swift in Sources */,
				173998701E53A64300B4C565 /* DistanceBarChartController.swift in Sources */,
				172C4A231E4D15170059BF2C /* InterfaceControllerHelperTests.swift in Sources */,
				1739986D1E539A5E00B4C565 /* DistanceModel.swift in Sources */,
				174226201E492A3500972AFE /* BarChart.swift in Sources */,
				174226191E4929D800972AFE /* BarChartTests.swift in Sources */,
				172C4A241E4D1AB80059BF2C /* HealthKitManager.swift in Sources */,
				173998711E53A64900B4C565 /* StepCountBarChartController.swift in Sources */,
				172C4A1E1E4CE74B0059BF2C /* InterfaceControllerHelper.swift in Sources */,
				172C4A2A1E4F948C0059BF2C /* MotionManager.swift in Sources */,
			);
			runOnlyForDeploymentPostprocessing = 0;
		};
/* End PBXSourcesBuildPhase section */

/* Begin PBXTargetDependency section */
		174225D11E4925DE00972AFE /* PBXTargetDependency */ = {
			isa = PBXTargetDependency;
			target = 174225CD1E4925DE00972AFE /* Walk! WatchKit App */;
			targetProxy = 174225D01E4925DE00972AFE /* PBXContainerItemProxy */;
		};
		174225E01E4925DE00972AFE /* PBXTargetDependency */ = {
			isa = PBXTargetDependency;
			target = 174225DC1E4925DE00972AFE /* Walk! WatchKit Extension */;
			targetProxy = 174225DF1E4925DE00972AFE /* PBXContainerItemProxy */;
		};
/* End PBXTargetDependency section */

/* Begin PBXVariantGroup section */
		174225B81E4925DE00972AFE /* Main.storyboard */ = {
			isa = PBXVariantGroup;
			children = (
				174225B91E4925DE00972AFE /* Base */,
			);
			name = Main.storyboard;
			sourceTree = "<group>";
		};
		174225BD1E4925DE00972AFE /* LaunchScreen.storyboard */ = {
			isa = PBXVariantGroup;
			children = (
				174225BE1E4925DE00972AFE /* Base */,
			);
			name = LaunchScreen.storyboard;
			sourceTree = "<group>";
		};
/* End PBXVariantGroup section */

/* Begin XCBuildConfiguration section */
		174225EB1E4925DE00972AFE /* Debug */ = {
			isa = XCBuildConfiguration;
			buildSettings = {
				ALWAYS_SEARCH_USER_PATHS = NO;
				CLANG_ANALYZER_NONNULL = YES;
				CLANG_CXX_LANGUAGE_STANDARD = "gnu++0x";
				CLANG_CXX_LIBRARY = "libc++";
				CLANG_ENABLE_MODULES = YES;
				CLANG_ENABLE_OBJC_ARC = YES;
				CLANG_WARN_BOOL_CONVERSION = YES;
				CLANG_WARN_CONSTANT_CONVERSION = YES;
				CLANG_WARN_DIRECT_OBJC_ISA_USAGE = YES_ERROR;
				CLANG_WARN_DOCUMENTATION_COMMENTS = YES;
				CLANG_WARN_EMPTY_BODY = YES;
				CLANG_WARN_ENUM_CONVERSION = YES;
				CLANG_WARN_INFINITE_RECURSION = YES;
				CLANG_WARN_INT_CONVERSION = YES;
				CLANG_WARN_OBJC_ROOT_CLASS = YES_ERROR;
				CLANG_WARN_SUSPICIOUS_MOVE = YES;
				CLANG_WARN_UNREACHABLE_CODE = YES;
				CLANG_WARN__DUPLICATE_METHOD_MATCH = YES;
				"CODE_SIGN_IDENTITY[sdk=iphoneos*]" = "iPhone Developer";
				COPY_PHASE_STRIP = NO;
				DEBUG_INFORMATION_FORMAT = dwarf;
				ENABLE_STRICT_OBJC_MSGSEND = YES;
				ENABLE_TESTABILITY = YES;
				GCC_C_LANGUAGE_STANDARD = gnu99;
				GCC_DYNAMIC_NO_PIC = NO;
				GCC_NO_COMMON_BLOCKS = YES;
				GCC_OPTIMIZATION_LEVEL = 0;
				GCC_PREPROCESSOR_DEFINITIONS = (
					"DEBUG=1",
					"$(inherited)",
				);
				GCC_WARN_64_TO_32_BIT_CONVERSION = YES;
				GCC_WARN_ABOUT_RETURN_TYPE = YES_ERROR;
				GCC_WARN_UNDECLARED_SELECTOR = YES;
				GCC_WARN_UNINITIALIZED_AUTOS = YES_AGGRESSIVE;
				GCC_WARN_UNUSED_FUNCTION = YES;
				GCC_WARN_UNUSED_VARIABLE = YES;
				IPHONEOS_DEPLOYMENT_TARGET = 10.1;
				MTL_ENABLE_DEBUG_INFO = YES;
				ONLY_ACTIVE_ARCH = YES;
				SDKROOT = iphoneos;
				SWIFT_ACTIVE_COMPILATION_CONDITIONS = DEBUG;
				SWIFT_OPTIMIZATION_LEVEL = "-Onone";
			};
			name = Debug;
		};
		174225EC1E4925DE00972AFE /* Release */ = {
			isa = XCBuildConfiguration;
			buildSettings = {
				ALWAYS_SEARCH_USER_PATHS = NO;
				CLANG_ANALYZER_NONNULL = YES;
				CLANG_CXX_LANGUAGE_STANDARD = "gnu++0x";
				CLANG_CXX_LIBRARY = "libc++";
				CLANG_ENABLE_MODULES = YES;
				CLANG_ENABLE_OBJC_ARC = YES;
				CLANG_WARN_BOOL_CONVERSION = YES;
				CLANG_WARN_CONSTANT_CONVERSION = YES;
				CLANG_WARN_DIRECT_OBJC_ISA_USAGE = YES_ERROR;
				CLANG_WARN_DOCUMENTATION_COMMENTS = YES;
				CLANG_WARN_EMPTY_BODY = YES;
				CLANG_WARN_ENUM_CONVERSION = YES;
				CLANG_WARN_INFINITE_RECURSION = YES;
				CLANG_WARN_INT_CONVERSION = YES;
				CLANG_WARN_OBJC_ROOT_CLASS = YES_ERROR;
				CLANG_WARN_SUSPICIOUS_MOVE = YES;
				CLANG_WARN_UNREACHABLE_CODE = YES;
				CLANG_WARN__DUPLICATE_METHOD_MATCH = YES;
				"CODE_SIGN_IDENTITY[sdk=iphoneos*]" = "iPhone Developer";
				COPY_PHASE_STRIP = NO;
				DEBUG_INFORMATION_FORMAT = "dwarf-with-dsym";
				ENABLE_NS_ASSERTIONS = NO;
				ENABLE_STRICT_OBJC_MSGSEND = YES;
				GCC_C_LANGUAGE_STANDARD = gnu99;
				GCC_NO_COMMON_BLOCKS = YES;
				GCC_WARN_64_TO_32_BIT_CONVERSION = YES;
				GCC_WARN_ABOUT_RETURN_TYPE = YES_ERROR;
				GCC_WARN_UNDECLARED_SELECTOR = YES;
				GCC_WARN_UNINITIALIZED_AUTOS = YES_AGGRESSIVE;
				GCC_WARN_UNUSED_FUNCTION = YES;
				GCC_WARN_UNUSED_VARIABLE = YES;
				IPHONEOS_DEPLOYMENT_TARGET = 10.1;
				MTL_ENABLE_DEBUG_INFO = NO;
				SDKROOT = iphoneos;
				SWIFT_OPTIMIZATION_LEVEL = "-Owholemodule";
				VALIDATE_PRODUCT = YES;
			};
			name = Release;
		};
		174225EE1E4925DE00972AFE /* Debug */ = {
			isa = XCBuildConfiguration;
			baseConfigurationReference = 730BA5FDD28E8960D335D64F /* Pods-Walk! WatchKit Extension.debug.xcconfig */;
			buildSettings = {
				ASSETCATALOG_COMPILER_COMPLICATION_NAME = Complication;
				CLANG_ENABLE_MODULES = YES;
				CODE_SIGN_ENTITLEMENTS = "Walk! WatchKit Extension/Walk! WatchKit Extension.entitlements";
				DEVELOPMENT_TEAM = ZK555P6U69;
				INFOPLIST_FILE = "Walk! WatchKit Extension/Info.plist";
				LD_RUNPATH_SEARCH_PATHS = "$(inherited) @executable_path/Frameworks @executable_path/../../Frameworks";
				PRODUCT_BUNDLE_IDENTIFIER = "jrp.Walk-.watchkitapp.watchkitextension";
				PRODUCT_NAME = "${TARGET_NAME}";
				SDKROOT = watchos;
				SKIP_INSTALL = YES;
				SWIFT_INSTALL_OBJC_HEADER = NO;
				SWIFT_OBJC_BRIDGING_HEADER = "";
				SWIFT_OPTIMIZATION_LEVEL = "-Onone";
				SWIFT_VERSION = 3.0;
				TARGETED_DEVICE_FAMILY = 4;
				WATCHOS_DEPLOYMENT_TARGET = 3.1;
			};
			name = Debug;
		};
		174225EF1E4925DE00972AFE /* Release */ = {
			isa = XCBuildConfiguration;
			baseConfigurationReference = 45AB81BCB596D440F5F67294 /* Pods-Walk! WatchKit Extension.release.xcconfig */;
			buildSettings = {
				ASSETCATALOG_COMPILER_COMPLICATION_NAME = Complication;
				CLANG_ENABLE_MODULES = YES;
				CODE_SIGN_ENTITLEMENTS = "Walk! WatchKit Extension/Walk! WatchKit Extension.entitlements";
				DEVELOPMENT_TEAM = ZK555P6U69;
				INFOPLIST_FILE = "Walk! WatchKit Extension/Info.plist";
				LD_RUNPATH_SEARCH_PATHS = "$(inherited) @executable_path/Frameworks @executable_path/../../Frameworks";
				PRODUCT_BUNDLE_IDENTIFIER = "jrp.Walk-.watchkitapp.watchkitextension";
				PRODUCT_NAME = "${TARGET_NAME}";
				SDKROOT = watchos;
				SKIP_INSTALL = YES;
				SWIFT_INSTALL_OBJC_HEADER = NO;
				SWIFT_OBJC_BRIDGING_HEADER = "";
				SWIFT_VERSION = 3.0;
				TARGETED_DEVICE_FAMILY = 4;
				WATCHOS_DEPLOYMENT_TARGET = 3.1;
			};
			name = Release;
		};
		174225F21E4925DE00972AFE /* Debug */ = {
			isa = XCBuildConfiguration;
			baseConfigurationReference = B6F4EC08D8D89E1FB8342BFF /* Pods-Walk! WatchKit App.debug.xcconfig */;
			buildSettings = {
				ALWAYS_EMBED_SWIFT_STANDARD_LIBRARIES = YES;
				ASSETCATALOG_COMPILER_APPICON_NAME = AppIcon;
				DEVELOPMENT_TEAM = ZK555P6U69;
				IBSC_MODULE = Walk__WatchKit_Extension;
				INFOPLIST_FILE = "Walk! WatchKit App/Info.plist";
				PRODUCT_BUNDLE_IDENTIFIER = "jrp.Walk-.watchkitapp";
				PRODUCT_NAME = "$(TARGET_NAME)";
				SDKROOT = watchos;
				SKIP_INSTALL = YES;
				SWIFT_VERSION = 3.0;
				TARGETED_DEVICE_FAMILY = 4;
				WATCHOS_DEPLOYMENT_TARGET = 3.1;
			};
			name = Debug;
		};
		174225F31E4925DE00972AFE /* Release */ = {
			isa = XCBuildConfiguration;
			baseConfigurationReference = FDBC38452F44E26913E7031A /* Pods-Walk! WatchKit App.release.xcconfig */;
			buildSettings = {
				ALWAYS_EMBED_SWIFT_STANDARD_LIBRARIES = YES;
				ASSETCATALOG_COMPILER_APPICON_NAME = AppIcon;
				DEVELOPMENT_TEAM = ZK555P6U69;
				IBSC_MODULE = Walk__WatchKit_Extension;
				INFOPLIST_FILE = "Walk! WatchKit App/Info.plist";
				PRODUCT_BUNDLE_IDENTIFIER = "jrp.Walk-.watchkitapp";
				PRODUCT_NAME = "$(TARGET_NAME)";
				SDKROOT = watchos;
				SKIP_INSTALL = YES;
				SWIFT_VERSION = 3.0;
				TARGETED_DEVICE_FAMILY = 4;
				WATCHOS_DEPLOYMENT_TARGET = 3.1;
			};
			name = Release;
		};
		174225F61E4925DE00972AFE /* Debug */ = {
			isa = XCBuildConfiguration;
			baseConfigurationReference = AA6EE5B24AADE21410819220 /* Pods-Walk!.debug.xcconfig */;
			buildSettings = {
				ASSETCATALOG_COMPILER_APPICON_NAME = AppIcon;
				CODE_SIGN_ENTITLEMENTS = "Walk!/Walk!.entitlements";
				DEVELOPMENT_TEAM = ZK555P6U69;
				INFOPLIST_FILE = "Walk!/Info.plist";
				IPHONEOS_DEPLOYMENT_TARGET = 10.1;
				LD_RUNPATH_SEARCH_PATHS = "$(inherited) @executable_path/Frameworks";
				PRODUCT_BUNDLE_IDENTIFIER = "jrp.Walk-";
				PRODUCT_NAME = "$(TARGET_NAME)";
				SWIFT_VERSION = 3.0;
			};
			name = Debug;
		};
		174225F71E4925DE00972AFE /* Release */ = {
			isa = XCBuildConfiguration;
			baseConfigurationReference = 1CED78AA707309F0CB1AF095 /* Pods-Walk!.release.xcconfig */;
			buildSettings = {
				ASSETCATALOG_COMPILER_APPICON_NAME = AppIcon;
				CODE_SIGN_ENTITLEMENTS = "Walk!/Walk!.entitlements";
				DEVELOPMENT_TEAM = ZK555P6U69;
				INFOPLIST_FILE = "Walk!/Info.plist";
				IPHONEOS_DEPLOYMENT_TARGET = 10.1;
				LD_RUNPATH_SEARCH_PATHS = "$(inherited) @executable_path/Frameworks";
				PRODUCT_BUNDLE_IDENTIFIER = "jrp.Walk-";
				PRODUCT_NAME = "$(TARGET_NAME)";
				SWIFT_VERSION = 3.0;
			};
			name = Release;
		};
		1742261C1E4929D800972AFE /* Debug */ = {
			isa = XCBuildConfiguration;
			buildSettings = {
				DEVELOPMENT_TEAM = ZK555P6U69;
				INFOPLIST_FILE = "Walk WatchKit Extension Tests/Info.plist";
				LD_RUNPATH_SEARCH_PATHS = "$(inherited) @executable_path/Frameworks @loader_path/Frameworks";
				PRODUCT_BUNDLE_IDENTIFIER = "jrp.Walk-WatchKit-Extension-Tests";
				PRODUCT_NAME = "$(TARGET_NAME)";
				SWIFT_VERSION = 3.0;
			};
			name = Debug;
		};
		1742261D1E4929D800972AFE /* Release */ = {
			isa = XCBuildConfiguration;
			buildSettings = {
				DEVELOPMENT_TEAM = ZK555P6U69;
				INFOPLIST_FILE = "Walk WatchKit Extension Tests/Info.plist";
				LD_RUNPATH_SEARCH_PATHS = "$(inherited) @executable_path/Frameworks @loader_path/Frameworks";
				PRODUCT_BUNDLE_IDENTIFIER = "jrp.Walk-WatchKit-Extension-Tests";
				PRODUCT_NAME = "$(TARGET_NAME)";
				SWIFT_VERSION = 3.0;
			};
			name = Release;
		};
/* End XCBuildConfiguration section */

/* Begin XCConfigurationList section */
		174225AC1E4925DD00972AFE /* Build configuration list for PBXProject "Walk!" */ = {
			isa = XCConfigurationList;
			buildConfigurations = (
				174225EB1E4925DE00972AFE /* Debug */,
				174225EC1E4925DE00972AFE /* Release */,
			);
			defaultConfigurationIsVisible = 0;
			defaultConfigurationName = Release;
		};
		174225ED1E4925DE00972AFE /* Build configuration list for PBXNativeTarget "Walk! WatchKit Extension" */ = {
			isa = XCConfigurationList;
			buildConfigurations = (
				174225EE1E4925DE00972AFE /* Debug */,
				174225EF1E4925DE00972AFE /* Release */,
			);
			defaultConfigurationIsVisible = 0;
			defaultConfigurationName = Release;
		};
		174225F11E4925DE00972AFE /* Build configuration list for PBXNativeTarget "Walk! WatchKit App" */ = {
			isa = XCConfigurationList;
			buildConfigurations = (
				174225F21E4925DE00972AFE /* Debug */,
				174225F31E4925DE00972AFE /* Release */,
			);
			defaultConfigurationIsVisible = 0;
			defaultConfigurationName = Release;
		};
		174225F51E4925DE00972AFE /* Build configuration list for PBXNativeTarget "Walk!" */ = {
			isa = XCConfigurationList;
			buildConfigurations = (
				174225F61E4925DE00972AFE /* Debug */,
				174225F71E4925DE00972AFE /* Release */,
			);
			defaultConfigurationIsVisible = 0;
			defaultConfigurationName = Release;
		};
		1742261B1E4929D800972AFE /* Build configuration list for PBXNativeTarget "Walk WatchKit Extension Tests" */ = {
			isa = XCConfigurationList;
			buildConfigurations = (
				1742261C1E4929D800972AFE /* Debug */,
				1742261D1E4929D800972AFE /* Release */,
			);
			defaultConfigurationIsVisible = 0;
			defaultConfigurationName = Release;
		};
/* End XCConfigurationList section */
	};
	rootObject = 174225A91E4925DD00972AFE /* Project object */;
}
